// !$*UTF8*$!
{
	archiveVersion = 1;
	classes = {
	};
	objectVersion = 48;
	objects = {

/* Begin PBXBuildFile section */
		0903657061A533D1BE135235 /* Pods_KZ_Database_macOS.framework in Frameworks */ = {isa = PBXBuildFile; fileRef = 5F8A95A9DE42931A5B9F9322 /* Pods_KZ_Database_macOS.framework */; };
		72C16355725F3507FDC76110 /* Pods_KZ_Database_iOS.framework in Frameworks */ = {isa = PBXBuildFile; fileRef = 47B0D6ABDA0737CC1D769726 /* Pods_KZ_Database_iOS.framework */; };
		AEC28FAD208DBE3300198A0E /* AppDelegate.m in Sources */ = {isa = PBXBuildFile; fileRef = AEC28FAC208DBE3300198A0E /* AppDelegate.m */; };
		AEC28FB0208DBE3300198A0E /* ViewController.m in Sources */ = {isa = PBXBuildFile; fileRef = AEC28FAF208DBE3300198A0E /* ViewController.m */; };
		AEC28FB3208DBE3300198A0E /* Main.storyboard in Resources */ = {isa = PBXBuildFile; fileRef = AEC28FB1208DBE3300198A0E /* Main.storyboard */; };
		AEC28FB5208DBE3400198A0E /* Assets.xcassets in Resources */ = {isa = PBXBuildFile; fileRef = AEC28FB4208DBE3400198A0E /* Assets.xcassets */; };
		AEC28FB8208DBE3400198A0E /* LaunchScreen.storyboard in Resources */ = {isa = PBXBuildFile; fileRef = AEC28FB6208DBE3400198A0E /* LaunchScreen.storyboard */; };
		AEC28FBB208DBE3400198A0E /* main.m in Sources */ = {isa = PBXBuildFile; fileRef = AEC28FBA208DBE3400198A0E /* main.m */; };
		AEC28FC4208DBF0100198A0E /* PragmaViewController.m in Sources */ = {isa = PBXBuildFile; fileRef = AEC28FC3208DBF0100198A0E /* PragmaViewController.m */; };
		AEC28FCD208DBF7100198A0E /* AppDelegate.m in Sources */ = {isa = PBXBuildFile; fileRef = AEC28FCC208DBF7100198A0E /* AppDelegate.m */; };
		AEC28FD0208DBF7100198A0E /* ViewController.m in Sources */ = {isa = PBXBuildFile; fileRef = AEC28FCF208DBF7100198A0E /* ViewController.m */; };
		AEC28FD2208DBF7200198A0E /* Assets.xcassets in Resources */ = {isa = PBXBuildFile; fileRef = AEC28FD1208DBF7200198A0E /* Assets.xcassets */; };
		AEC28FD5208DBF7200198A0E /* Main.storyboard in Resources */ = {isa = PBXBuildFile; fileRef = AEC28FD3208DBF7200198A0E /* Main.storyboard */; };
		AEC28FD8208DBF7200198A0E /* main.m in Sources */ = {isa = PBXBuildFile; fileRef = AEC28FD7208DBF7200198A0E /* main.m */; };
		AEF94D9E217714310063EE69 /* KZ_Database_iOS.framework in Frameworks */ = {isa = PBXBuildFile; fileRef = AEF94D9D217714310063EE69 /* KZ_Database_iOS.framework */; };
		AEF94DA0217714340063EE69 /* KZ_Database_macOS.framework in Frameworks */ = {isa = PBXBuildFile; fileRef = AEF94D9F217714340063EE69 /* KZ_Database_macOS.framework */; };
/* End PBXBuildFile section */

/* Begin PBXFileReference section */
		15583375A54DA810DFFB3ABD /* Pods-KZ_Database_iOS.debug.xcconfig */ = {isa = PBXFileReference; includeInIndex = 1; lastKnownFileType = text.xcconfig; name = "Pods-KZ_Database_iOS.debug.xcconfig"; path = "Pods/Target Support Files/Pods-KZ_Database_iOS/Pods-KZ_Database_iOS.debug.xcconfig"; sourceTree = "<group>"; };
		47B0D6ABDA0737CC1D769726 /* Pods_KZ_Database_iOS.framework */ = {isa = PBXFileReference; explicitFileType = wrapper.framework; includeInIndex = 0; path = Pods_KZ_Database_iOS.framework; sourceTree = BUILT_PRODUCTS_DIR; };
		4C0D2302035C4479F80ECDCE /* Pods-KZ_Database_macOS.release.xcconfig */ = {isa = PBXFileReference; includeInIndex = 1; lastKnownFileType = text.xcconfig; name = "Pods-KZ_Database_macOS.release.xcconfig"; path = "Pods/Target Support Files/Pods-KZ_Database_macOS/Pods-KZ_Database_macOS.release.xcconfig"; sourceTree = "<group>"; };
		5F8A95A9DE42931A5B9F9322 /* Pods_KZ_Database_macOS.framework */ = {isa = PBXFileReference; explicitFileType = wrapper.framework; includeInIndex = 0; path = Pods_KZ_Database_macOS.framework; sourceTree = BUILT_PRODUCTS_DIR; };
		AEC28FA9208DBE3300198A0E /* KZ_Database_iOS.app */ = {isa = PBXFileReference; explicitFileType = wrapper.application; includeInIndex = 0; path = KZ_Database_iOS.app; sourceTree = BUILT_PRODUCTS_DIR; };
		AEC28FAB208DBE3300198A0E /* AppDelegate.h */ = {isa = PBXFileReference; lastKnownFileType = sourcecode.c.h; path = AppDelegate.h; sourceTree = "<group>"; };
		AEC28FAC208DBE3300198A0E /* AppDelegate.m */ = {isa = PBXFileReference; lastKnownFileType = sourcecode.c.objc; path = AppDelegate.m; sourceTree = "<group>"; };
		AEC28FAE208DBE3300198A0E /* ViewController.h */ = {isa = PBXFileReference; lastKnownFileType = sourcecode.c.h; path = ViewController.h; sourceTree = "<group>"; };
		AEC28FAF208DBE3300198A0E /* ViewController.m */ = {isa = PBXFileReference; lastKnownFileType = sourcecode.c.objc; path = ViewController.m; sourceTree = "<group>"; };
		AEC28FB2208DBE3300198A0E /* Base */ = {isa = PBXFileReference; lastKnownFileType = file.storyboard; name = Base; path = Base.lproj/Main.storyboard; sourceTree = "<group>"; };
		AEC28FB4208DBE3400198A0E /* Assets.xcassets */ = {isa = PBXFileReference; lastKnownFileType = folder.assetcatalog; path = Assets.xcassets; sourceTree = "<group>"; };
		AEC28FB7208DBE3400198A0E /* Base */ = {isa = PBXFileReference; lastKnownFileType = file.storyboard; name = Base; path = Base.lproj/LaunchScreen.storyboard; sourceTree = "<group>"; };
		AEC28FB9208DBE3400198A0E /* Info.plist */ = {isa = PBXFileReference; lastKnownFileType = text.plist.xml; path = Info.plist; sourceTree = "<group>"; };
		AEC28FBA208DBE3400198A0E /* main.m */ = {isa = PBXFileReference; lastKnownFileType = sourcecode.c.objc; path = main.m; sourceTree = "<group>"; };
		AEC28FC2208DBF0100198A0E /* PragmaViewController.h */ = {isa = PBXFileReference; lastKnownFileType = sourcecode.c.h; path = PragmaViewController.h; sourceTree = "<group>"; };
		AEC28FC3208DBF0100198A0E /* PragmaViewController.m */ = {isa = PBXFileReference; lastKnownFileType = sourcecode.c.objc; path = PragmaViewController.m; sourceTree = "<group>"; };
		AEC28FC9208DBF7100198A0E /* KZ_Database_macOS.app */ = {isa = PBXFileReference; explicitFileType = wrapper.application; includeInIndex = 0; path = KZ_Database_macOS.app; sourceTree = BUILT_PRODUCTS_DIR; };
		AEC28FCB208DBF7100198A0E /* AppDelegate.h */ = {isa = PBXFileReference; lastKnownFileType = sourcecode.c.h; path = AppDelegate.h; sourceTree = "<group>"; };
		AEC28FCC208DBF7100198A0E /* AppDelegate.m */ = {isa = PBXFileReference; lastKnownFileType = sourcecode.c.objc; path = AppDelegate.m; sourceTree = "<group>"; };
		AEC28FCE208DBF7100198A0E /* ViewController.h */ = {isa = PBXFileReference; lastKnownFileType = sourcecode.c.h; path = ViewController.h; sourceTree = "<group>"; };
		AEC28FCF208DBF7100198A0E /* ViewController.m */ = {isa = PBXFileReference; lastKnownFileType = sourcecode.c.objc; path = ViewController.m; sourceTree = "<group>"; };
		AEC28FD1208DBF7200198A0E /* Assets.xcassets */ = {isa = PBXFileReference; lastKnownFileType = folder.assetcatalog; path = Assets.xcassets; sourceTree = "<group>"; };
		AEC28FD4208DBF7200198A0E /* Base */ = {isa = PBXFileReference; lastKnownFileType = file.storyboard; name = Base; path = Base.lproj/Main.storyboard; sourceTree = "<group>"; };
		AEC28FD6208DBF7200198A0E /* Info.plist */ = {isa = PBXFileReference; lastKnownFileType = text.plist.xml; path = Info.plist; sourceTree = "<group>"; };
		AEC28FD7208DBF7200198A0E /* main.m */ = {isa = PBXFileReference; lastKnownFileType = sourcecode.c.objc; path = main.m; sourceTree = "<group>"; };
		AEC28FD9208DBF7200198A0E /* KZ_Database_macOS.entitlements */ = {isa = PBXFileReference; lastKnownFileType = text.plist.entitlements; path = KZ_Database_macOS.entitlements; sourceTree = "<group>"; };
		AEF94D9D217714310063EE69 /* KZ_Database_iOS.framework */ = {isa = PBXFileReference; lastKnownFileType = wrapper.framework; path = KZ_Database_iOS.framework; sourceTree = "<group>"; };
		AEF94D9F217714340063EE69 /* KZ_Database_macOS.framework */ = {isa = PBXFileReference; lastKnownFileType = wrapper.framework; path = KZ_Database_macOS.framework; sourceTree = "<group>"; };
		B0F497C8E4B173E5A60FD2C2 /* Pods-KZ_Database_macOS.debug.xcconfig */ = {isa = PBXFileReference; includeInIndex = 1; lastKnownFileType = text.xcconfig; name = "Pods-KZ_Database_macOS.debug.xcconfig"; path = "Pods/Target Support Files/Pods-KZ_Database_macOS/Pods-KZ_Database_macOS.debug.xcconfig"; sourceTree = "<group>"; };
		DD00F8C255F0F9B55611112B /* Pods-KZ_Database_iOS.release.xcconfig */ = {isa = PBXFileReference; includeInIndex = 1; lastKnownFileType = text.xcconfig; name = "Pods-KZ_Database_iOS.release.xcconfig"; path = "Pods/Target Support Files/Pods-KZ_Database_iOS/Pods-KZ_Database_iOS.release.xcconfig"; sourceTree = "<group>"; };
/* End PBXFileReference section */

/* Begin PBXFrameworksBuildPhase section */
		AEC28FA6208DBE3300198A0E /* Frameworks */ = {
			isa = PBXFrameworksBuildPhase;
			buildActionMask = 2147483647;
			files = (
				AEF94D9E217714310063EE69 /* KZ_Database_iOS.framework in Frameworks */,
				72C16355725F3507FDC76110 /* Pods_KZ_Database_iOS.framework in Frameworks */,
			);
			runOnlyForDeploymentPostprocessing = 0;
		};
		AEC28FC6208DBF7100198A0E /* Frameworks */ = {
			isa = PBXFrameworksBuildPhase;
			buildActionMask = 2147483647;
			files = (
				AEF94DA0217714340063EE69 /* KZ_Database_macOS.framework in Frameworks */,
				0903657061A533D1BE135235 /* Pods_KZ_Database_macOS.framework in Frameworks */,
			);
			runOnlyForDeploymentPostprocessing = 0;
		};
/* End PBXFrameworksBuildPhase section */

/* Begin PBXGroup section */
		AE3700051FBEEB5000403658 = {
			isa = PBXGroup;
			children = (
				AEC28FAA208DBE3300198A0E /* KZ_Database_iOS */,
				AEC28FCA208DBF7100198A0E /* KZ_Database_macOS */,
				AE37000F1FBEEB5000403658 /* Products */,
				CE08E0904263FCE93B00A07E /* Pods */,
				BB6AD8AB2F35C3D64078991A /* Frameworks */,
			);
			sourceTree = "<group>";
		};
		AE37000F1FBEEB5000403658 /* Products */ = {
			isa = PBXGroup;
			children = (
				AEC28FA9208DBE3300198A0E /* KZ_Database_iOS.app */,
				AEC28FC9208DBF7100198A0E /* KZ_Database_macOS.app */,
			);
			name = Products;
			sourceTree = "<group>";
		};
		AEC28FAA208DBE3300198A0E /* KZ_Database_iOS */ = {
			isa = PBXGroup;
			children = (
				AEC28FAB208DBE3300198A0E /* AppDelegate.h */,
				AEC28FAC208DBE3300198A0E /* AppDelegate.m */,
				AEC28FAE208DBE3300198A0E /* ViewController.h */,
				AEC28FAF208DBE3300198A0E /* ViewController.m */,
				AEC28FC2208DBF0100198A0E /* PragmaViewController.h */,
				AEC28FC3208DBF0100198A0E /* PragmaViewController.m */,
				AEC28FBF208DBE8C00198A0E /* Database */,
				AEC28FB1208DBE3300198A0E /* Main.storyboard */,
				AEC28FB4208DBE3400198A0E /* Assets.xcassets */,
				AEC28FB6208DBE3400198A0E /* LaunchScreen.storyboard */,
				AEC28FB9208DBE3400198A0E /* Info.plist */,
				AEC28FBA208DBE3400198A0E /* main.m */,
			);
			path = KZ_Database_iOS;
			sourceTree = "<group>";
		};
		AEC28FBF208DBE8C00198A0E /* Database */ = {
			isa = PBXGroup;
			children = (
				AEF94D9D217714310063EE69 /* KZ_Database_iOS.framework */,
			);
			path = Database;
			sourceTree = "<group>";
		};
		AEC28FCA208DBF7100198A0E /* KZ_Database_macOS */ = {
			isa = PBXGroup;
			children = (
				AEC28FCB208DBF7100198A0E /* AppDelegate.h */,
				AEC28FCC208DBF7100198A0E /* AppDelegate.m */,
				AEC28FCE208DBF7100198A0E /* ViewController.h */,
				AEC28FCF208DBF7100198A0E /* ViewController.m */,
				AEC28FDD208DBFE300198A0E /* Database */,
				AEC28FD1208DBF7200198A0E /* Assets.xcassets */,
				AEC28FD3208DBF7200198A0E /* Main.storyboard */,
				AEC28FD6208DBF7200198A0E /* Info.plist */,
				AEC28FD7208DBF7200198A0E /* main.m */,
				AEC28FD9208DBF7200198A0E /* KZ_Database_macOS.entitlements */,
			);
			path = KZ_Database_macOS;
			sourceTree = "<group>";
		};
		AEC28FDD208DBFE300198A0E /* Database */ = {
			isa = PBXGroup;
			children = (
				AEF94D9F217714340063EE69 /* KZ_Database_macOS.framework */,
			);
			path = Database;
			sourceTree = "<group>";
		};
		BB6AD8AB2F35C3D64078991A /* Frameworks */ = {
			isa = PBXGroup;
			children = (
				47B0D6ABDA0737CC1D769726 /* Pods_KZ_Database_iOS.framework */,
				5F8A95A9DE42931A5B9F9322 /* Pods_KZ_Database_macOS.framework */,
			);
			name = Frameworks;
			sourceTree = "<group>";
		};
		CE08E0904263FCE93B00A07E /* Pods */ = {
			isa = PBXGroup;
			children = (
				15583375A54DA810DFFB3ABD /* Pods-KZ_Database_iOS.debug.xcconfig */,
				DD00F8C255F0F9B55611112B /* Pods-KZ_Database_iOS.release.xcconfig */,
				B0F497C8E4B173E5A60FD2C2 /* Pods-KZ_Database_macOS.debug.xcconfig */,
				4C0D2302035C4479F80ECDCE /* Pods-KZ_Database_macOS.release.xcconfig */,
			);
			name = Pods;
			sourceTree = "<group>";
		};
/* End PBXGroup section */

/* Begin PBXNativeTarget section */
		AEC28FA8208DBE3300198A0E /* KZ_Database_iOS */ = {
			isa = PBXNativeTarget;
			buildConfigurationList = AEC28FBC208DBE3400198A0E /* Build configuration list for PBXNativeTarget "KZ_Database_iOS" */;
			buildPhases = (
				6F7B6AE6BFA0D3CADA93607C /* [CP] Check Pods Manifest.lock */,
				AEC28FA5208DBE3300198A0E /* Sources */,
				AEC28FA6208DBE3300198A0E /* Frameworks */,
				AEC28FA7208DBE3300198A0E /* Resources */,
			);
			buildRules = (
			);
			dependencies = (
			);
			name = KZ_Database_iOS;
			productName = KZ_Database_iOS;
			productReference = AEC28FA9208DBE3300198A0E /* KZ_Database_iOS.app */;
			productType = "com.apple.product-type.application";
		};
		AEC28FC8208DBF7100198A0E /* KZ_Database_macOS */ = {
			isa = PBXNativeTarget;
			buildConfigurationList = AEC28FDC208DBF7200198A0E /* Build configuration list for PBXNativeTarget "KZ_Database_macOS" */;
			buildPhases = (
				70F57AE5469E4F533607A79B /* [CP] Check Pods Manifest.lock */,
				AEC28FC5208DBF7100198A0E /* Sources */,
				AEC28FC6208DBF7100198A0E /* Frameworks */,
				AEC28FC7208DBF7100198A0E /* Resources */,
			);
			buildRules = (
			);
			dependencies = (
			);
			name = KZ_Database_macOS;
			productName = KZ_Database_macOS;
			productReference = AEC28FC9208DBF7100198A0E /* KZ_Database_macOS.app */;
			productType = "com.apple.product-type.application";
		};
/* End PBXNativeTarget section */

/* Begin PBXProject section */
		AE3700061FBEEB5000403658 /* Project object */ = {
			isa = PBXProject;
			attributes = {
				LastUpgradeCheck = 0930;
				ORGANIZATIONNAME = "Kieron Zhang";
				TargetAttributes = {
					AEC28FA8208DBE3300198A0E = {
						CreatedOnToolsVersion = 9.3;
						ProvisioningStyle = Automatic;
					};
					AEC28FC8208DBF7100198A0E = {
						CreatedOnToolsVersion = 9.3;
						ProvisioningStyle = Automatic;
					};
				};
			};
			buildConfigurationList = AE3700091FBEEB5000403658 /* Build configuration list for PBXProject "KZ_Database" */;
			compatibilityVersion = "Xcode 8.0";
			developmentRegion = en;
			hasScannedForEncodings = 0;
			knownRegions = (
				en,
				Base,
			);
			mainGroup = AE3700051FBEEB5000403658;
			productRefGroup = AE37000F1FBEEB5000403658 /* Products */;
			projectDirPath = "";
			projectRoot = "";
			targets = (
				AEC28FA8208DBE3300198A0E /* KZ_Database_iOS */,
				AEC28FC8208DBF7100198A0E /* KZ_Database_macOS */,
			);
		};
/* End PBXProject section */

/* Begin PBXResourcesBuildPhase section */
		AEC28FA7208DBE3300198A0E /* Resources */ = {
			isa = PBXResourcesBuildPhase;
			buildActionMask = 2147483647;
			files = (
				AEC28FB8208DBE3400198A0E /* LaunchScreen.storyboard in Resources */,
				AEC28FB5208DBE3400198A0E /* Assets.xcassets in Resources */,
				AEC28FB3208DBE3300198A0E /* Main.storyboard in Resources */,
			);
			runOnlyForDeploymentPostprocessing = 0;
		};
		AEC28FC7208DBF7100198A0E /* Resources */ = {
			isa = PBXResourcesBuildPhase;
			buildActionMask = 2147483647;
			files = (
				AEC28FD2208DBF7200198A0E /* Assets.xcassets in Resources */,
				AEC28FD5208DBF7200198A0E /* Main.storyboard in Resources */,
			);
			runOnlyForDeploymentPostprocessing = 0;
		};
/* End PBXResourcesBuildPhase section */

/* Begin PBXShellScriptBuildPhase section */
		6F7B6AE6BFA0D3CADA93607C /* [CP] Check Pods Manifest.lock */ = {
			isa = PBXShellScriptBuildPhase;
			buildActionMask = 2147483647;
			files = (
			);
			inputPaths = (
				"${PODS_PODFILE_DIR_PATH}/Podfile.lock",
				"${PODS_ROOT}/Manifest.lock",
			);
			name = "[CP] Check Pods Manifest.lock";
			outputPaths = (
				"$(DERIVED_FILE_DIR)/Pods-KZ_Database_iOS-checkManifestLockResult.txt",
			);
			runOnlyForDeploymentPostprocessing = 0;
			shellPath = /bin/sh;
			shellScript = "diff \"${PODS_PODFILE_DIR_PATH}/Podfile.lock\" \"${PODS_ROOT}/Manifest.lock\" > /dev/null\nif [ $? != 0 ] ; then\n    # print error to STDERR\n    echo \"error: The sandbox is not in sync with the Podfile.lock. Run 'pod install' or update your CocoaPods installation.\" >&2\n    exit 1\nfi\n# This output is used by Xcode 'outputs' to avoid re-running this script phase.\necho \"SUCCESS\" > \"${SCRIPT_OUTPUT_FILE_0}\"\n";
			showEnvVarsInLog = 0;
		};
		70F57AE5469E4F533607A79B /* [CP] Check Pods Manifest.lock */ = {
			isa = PBXShellScriptBuildPhase;
			buildActionMask = 2147483647;
			files = (
			);
			inputPaths = (
				"${PODS_PODFILE_DIR_PATH}/Podfile.lock",
				"${PODS_ROOT}/Manifest.lock",
			);
			name = "[CP] Check Pods Manifest.lock";
			outputPaths = (
				"$(DERIVED_FILE_DIR)/Pods-KZ_Database_macOS-checkManifestLockResult.txt",
			);
			runOnlyForDeploymentPostprocessing = 0;
			shellPath = /bin/sh;
			shellScript = "diff \"${PODS_PODFILE_DIR_PATH}/Podfile.lock\" \"${PODS_ROOT}/Manifest.lock\" > /dev/null\nif [ $? != 0 ] ; then\n    # print error to STDERR\n    echo \"error: The sandbox is not in sync with the Podfile.lock. Run 'pod install' or update your CocoaPods installation.\" >&2\n    exit 1\nfi\n# This output is used by Xcode 'outputs' to avoid re-running this script phase.\necho \"SUCCESS\" > \"${SCRIPT_OUTPUT_FILE_0}\"\n";
			showEnvVarsInLog = 0;
		};
/* End PBXShellScriptBuildPhase section */

/* Begin PBXSourcesBuildPhase section */
		AEC28FA5208DBE3300198A0E /* Sources */ = {
			isa = PBXSourcesBuildPhase;
			buildActionMask = 2147483647;
			files = (
				AEC28FC4208DBF0100198A0E /* PragmaViewController.m in Sources */,
				AEC28FB0208DBE3300198A0E /* ViewController.m in Sources */,
				AEC28FBB208DBE3400198A0E /* main.m in Sources */,
				AEC28FAD208DBE3300198A0E /* AppDelegate.m in Sources */,
			);
			runOnlyForDeploymentPostprocessing = 0;
		};
		AEC28FC5208DBF7100198A0E /* Sources */ = {
			isa = PBXSourcesBuildPhase;
			buildActionMask = 2147483647;
			files = (
				AEC28FD0208DBF7100198A0E /* ViewController.m in Sources */,
				AEC28FD8208DBF7200198A0E /* main.m in Sources */,
				AEC28FCD208DBF7100198A0E /* AppDelegate.m in Sources */,
			);
			runOnlyForDeploymentPostprocessing = 0;
		};
/* End PBXSourcesBuildPhase section */

/* Begin PBXVariantGroup section */
		AEC28FB1208DBE3300198A0E /* Main.storyboard */ = {
			isa = PBXVariantGroup;
			children = (
				AEC28FB2208DBE3300198A0E /* Base */,
			);
			name = Main.storyboard;
			sourceTree = "<group>";
		};
		AEC28FB6208DBE3400198A0E /* LaunchScreen.storyboard */ = {
			isa = PBXVariantGroup;
			children = (
				AEC28FB7208DBE3400198A0E /* Base */,
			);
			name = LaunchScreen.storyboard;
			sourceTree = "<group>";
		};
		AEC28FD3208DBF7200198A0E /* Main.storyboard */ = {
			isa = PBXVariantGroup;
			children = (
				AEC28FD4208DBF7200198A0E /* Base */,
			);
			name = Main.storyboard;
			sourceTree = "<group>";
		};
/* End PBXVariantGroup section */

/* Begin XCBuildConfiguration section */
		AE3700221FBEEB5000403658 /* Debug */ = {
			isa = XCBuildConfiguration;
			buildSettings = {
				ALWAYS_SEARCH_USER_PATHS = NO;
				CLANG_ANALYZER_NONNULL = YES;
				CLANG_ANALYZER_NUMBER_OBJECT_CONVERSION = YES_AGGRESSIVE;
				CLANG_CXX_LANGUAGE_STANDARD = "gnu++14";
				CLANG_CXX_LIBRARY = "libc++";
				CLANG_ENABLE_MODULES = YES;
				CLANG_ENABLE_OBJC_ARC = YES;
				CLANG_WARN_BLOCK_CAPTURE_AUTORELEASING = YES;
				CLANG_WARN_BOOL_CONVERSION = YES;
				CLANG_WARN_COMMA = YES;
				CLANG_WARN_CONSTANT_CONVERSION = YES;
				CLANG_WARN_DEPRECATED_OBJC_IMPLEMENTATIONS = YES;
				CLANG_WARN_DIRECT_OBJC_ISA_USAGE = YES_ERROR;
				CLANG_WARN_DOCUMENTATION_COMMENTS = YES;
				CLANG_WARN_EMPTY_BODY = YES;
				CLANG_WARN_ENUM_CONVERSION = YES;
				CLANG_WARN_INFINITE_RECURSION = YES;
				CLANG_WARN_INT_CONVERSION = YES;
				CLANG_WARN_NON_LITERAL_NULL_CONVERSION = YES;
				CLANG_WARN_OBJC_IMPLICIT_RETAIN_SELF = YES;
				CLANG_WARN_OBJC_LITERAL_CONVERSION = YES;
				CLANG_WARN_OBJC_ROOT_CLASS = YES_ERROR;
				CLANG_WARN_RANGE_LOOP_ANALYSIS = YES;
				CLANG_WARN_STRICT_PROTOTYPES = YES;
				CLANG_WARN_SUSPICIOUS_MOVE = YES;
				CLANG_WARN_UNGUARDED_AVAILABILITY = YES_AGGRESSIVE;
				CLANG_WARN_UNREACHABLE_CODE = YES;
				CLANG_WARN__DUPLICATE_METHOD_MATCH = YES;
				CODE_SIGN_IDENTITY = "iPhone Developer";
				COPY_PHASE_STRIP = NO;
				DEBUG_INFORMATION_FORMAT = dwarf;
				ENABLE_STRICT_OBJC_MSGSEND = YES;
				ENABLE_TESTABILITY = YES;
				GCC_C_LANGUAGE_STANDARD = gnu11;
				GCC_DYNAMIC_NO_PIC = NO;
				GCC_NO_COMMON_BLOCKS = YES;
				GCC_OPTIMIZATION_LEVEL = 0;
				GCC_PREPROCESSOR_DEFINITIONS = (
					"DEBUG=1",
					"$(inherited)",
				);
				GCC_WARN_64_TO_32_BIT_CONVERSION = YES;
				GCC_WARN_ABOUT_RETURN_TYPE = YES_ERROR;
				GCC_WARN_UNDECLARED_SELECTOR = YES;
				GCC_WARN_UNINITIALIZED_AUTOS = YES_AGGRESSIVE;
				GCC_WARN_UNUSED_FUNCTION = YES;
				GCC_WARN_UNUSED_VARIABLE = YES;
				IPHONEOS_DEPLOYMENT_TARGET = 8.0;
				MACOSX_DEPLOYMENT_TARGET = 10.10;
				MTL_ENABLE_DEBUG_INFO = YES;
				ONLY_ACTIVE_ARCH = YES;
				SDKROOT = iphoneos;
			};
			name = Debug;
		};
		AE3700231FBEEB5000403658 /* Release */ = {
			isa = XCBuildConfiguration;
			buildSettings = {
				ALWAYS_SEARCH_USER_PATHS = NO;
				CLANG_ANALYZER_NONNULL = YES;
				CLANG_ANALYZER_NUMBER_OBJECT_CONVERSION = YES_AGGRESSIVE;
				CLANG_CXX_LANGUAGE_STANDARD = "gnu++14";
				CLANG_CXX_LIBRARY = "libc++";
				CLANG_ENABLE_MODULES = YES;
				CLANG_ENABLE_OBJC_ARC = YES;
				CLANG_WARN_BLOCK_CAPTURE_AUTORELEASING = YES;
				CLANG_WARN_BOOL_CONVERSION = YES;
				CLANG_WARN_COMMA = YES;
				CLANG_WARN_CONSTANT_CONVERSION = YES;
				CLANG_WARN_DEPRECATED_OBJC_IMPLEMENTATIONS = YES;
				CLANG_WARN_DIRECT_OBJC_ISA_USAGE = YES_ERROR;
				CLANG_WARN_DOCUMENTATION_COMMENTS = YES;
				CLANG_WARN_EMPTY_BODY = YES;
				CLANG_WARN_ENUM_CONVERSION = YES;
				CLANG_WARN_INFINITE_RECURSION = YES;
				CLANG_WARN_INT_CONVERSION = YES;
				CLANG_WARN_NON_LITERAL_NULL_CONVERSION = YES;
				CLANG_WARN_OBJC_IMPLICIT_RETAIN_SELF = YES;
				CLANG_WARN_OBJC_LITERAL_CONVERSION = YES;
				CLANG_WARN_OBJC_ROOT_CLASS = YES_ERROR;
				CLANG_WARN_RANGE_LOOP_ANALYSIS = YES;
				CLANG_WARN_STRICT_PROTOTYPES = YES;
				CLANG_WARN_SUSPICIOUS_MOVE = YES;
				CLANG_WARN_UNGUARDED_AVAILABILITY = YES_AGGRESSIVE;
				CLANG_WARN_UNREACHABLE_CODE = YES;
				CLANG_WARN__DUPLICATE_METHOD_MATCH = YES;
				CODE_SIGN_IDENTITY = "iPhone Developer";
				COPY_PHASE_STRIP = NO;
				DEBUG_INFORMATION_FORMAT = "dwarf-with-dsym";
				ENABLE_NS_ASSERTIONS = NO;
				ENABLE_STRICT_OBJC_MSGSEND = YES;
				GCC_C_LANGUAGE_STANDARD = gnu11;
				GCC_NO_COMMON_BLOCKS = YES;
				GCC_WARN_64_TO_32_BIT_CONVERSION = YES;
				GCC_WARN_ABOUT_RETURN_TYPE = YES_ERROR;
				GCC_WARN_UNDECLARED_SELECTOR = YES;
				GCC_WARN_UNINITIALIZED_AUTOS = YES_AGGRESSIVE;
				GCC_WARN_UNUSED_FUNCTION = YES;
				GCC_WARN_UNUSED_VARIABLE = YES;
				IPHONEOS_DEPLOYMENT_TARGET = 8.0;
				MACOSX_DEPLOYMENT_TARGET = 10.10;
				MTL_ENABLE_DEBUG_INFO = NO;
				SDKROOT = iphoneos;
				VALIDATE_PRODUCT = YES;
			};
			name = Release;
		};
		AEC28FBD208DBE3400198A0E /* Debug */ = {
			isa = XCBuildConfiguration;
			baseConfigurationReference = 15583375A54DA810DFFB3ABD /* Pods-KZ_Database_iOS.debug.xcconfig */;
			buildSettings = {
				ASSETCATALOG_COMPILER_APPICON_NAME = AppIcon;
				ASSETCATALOG_COMPILER_LAUNCHIMAGE_NAME = LaunchImage;
				CLANG_ENABLE_OBJC_WEAK = YES;
				CLANG_WARN_DEPRECATED_OBJC_IMPLEMENTATIONS = YES;
				CLANG_WARN_OBJC_IMPLICIT_RETAIN_SELF = YES;
				CODE_SIGN_STYLE = Automatic;
				DEVELOPMENT_TEAM = TGTFTDLM8G;
				FRAMEWORK_SEARCH_PATHS = (
					"$(inherited)",
					"$(PROJECT_DIR)/KZ_Database_iOS/Database",
				);
				INFOPLIST_FILE = KZ_Database_iOS/Info.plist;
				IPHONEOS_DEPLOYMENT_TARGET = 8.0;
				LD_RUNPATH_SEARCH_PATHS = "$(inherited) @executable_path/Frameworks";
				PRODUCT_BUNDLE_IDENTIFIER = com.kieronzhang.Database;
				PRODUCT_NAME = "$(TARGET_NAME)";
				TARGETED_DEVICE_FAMILY = 1;
			};
			name = Debug;
		};
		AEC28FBE208DBE3400198A0E /* Release */ = {
			isa = XCBuildConfiguration;
			baseConfigurationReference = DD00F8C255F0F9B55611112B /* Pods-KZ_Database_iOS.release.xcconfig */;
			buildSettings = {
				ASSETCATALOG_COMPILER_APPICON_NAME = AppIcon;
				ASSETCATALOG_COMPILER_LAUNCHIMAGE_NAME = LaunchImage;
				CLANG_ENABLE_OBJC_WEAK = YES;
				CLANG_WARN_DEPRECATED_OBJC_IMPLEMENTATIONS = YES;
				CLANG_WARN_OBJC_IMPLICIT_RETAIN_SELF = YES;
				CODE_SIGN_STYLE = Automatic;
				DEVELOPMENT_TEAM = TGTFTDLM8G;
				FRAMEWORK_SEARCH_PATHS = (
					"$(inherited)",
					"$(PROJECT_DIR)/KZ_Database_iOS/Database",
				);
				INFOPLIST_FILE = KZ_Database_iOS/Info.plist;
				IPHONEOS_DEPLOYMENT_TARGET = 8.0;
				LD_RUNPATH_SEARCH_PATHS = "$(inherited) @executable_path/Frameworks";
				PRODUCT_BUNDLE_IDENTIFIER = com.kieronzhang.Database;
				PRODUCT_NAME = "$(TARGET_NAME)";
				TARGETED_DEVICE_FAMILY = 1;
			};
			name = Release;
		};
		AEC28FDA208DBF7200198A0E /* Debug */ = {
			isa = XCBuildConfiguration;
			baseConfigurationReference = B0F497C8E4B173E5A60FD2C2 /* Pods-KZ_Database_macOS.debug.xcconfig */;
			buildSettings = {
				ASSETCATALOG_COMPILER_APPICON_NAME = AppIcon;
				CLANG_ENABLE_OBJC_WEAK = YES;
				CLANG_WARN_DEPRECATED_OBJC_IMPLEMENTATIONS = YES;
				CLANG_WARN_OBJC_IMPLICIT_RETAIN_SELF = YES;
				CODE_SIGN_ENTITLEMENTS = KZ_Database_macOS/KZ_Database_macOS.entitlements;
				CODE_SIGN_IDENTITY = "Mac Developer";
				CODE_SIGN_STYLE = Automatic;
				COMBINE_HIDPI_IMAGES = YES;
				DEVELOPMENT_TEAM = TGTFTDLM8G;
				FRAMEWORK_SEARCH_PATHS = (
					"$(inherited)",
					"$(PROJECT_DIR)/KZ_Database_macOS/Database",
				);
				INFOPLIST_FILE = KZ_Database_macOS/Info.plist;
				LD_RUNPATH_SEARCH_PATHS = "$(inherited) @executable_path/../Frameworks";
				MACOSX_DEPLOYMENT_TARGET = 10.10;
				PRODUCT_BUNDLE_IDENTIFIER = com.kieronzhang.Database;
				PRODUCT_NAME = "$(TARGET_NAME)";
				SDKROOT = macosx;
			};
			name = Debug;
		};
		AEC28FDB208DBF7200198A0E /* Release */ = {
			isa = XCBuildConfiguration;
			baseConfigurationReference = 4C0D2302035C4479F80ECDCE /* Pods-KZ_Database_macOS.release.xcconfig */;
			buildSettings = {
				ASSETCATALOG_COMPILER_APPICON_NAME = AppIcon;
				CLANG_ENABLE_OBJC_WEAK = YES;
				CLANG_WARN_DEPRECATED_OBJC_IMPLEMENTATIONS = YES;
				CLANG_WARN_OBJC_IMPLICIT_RETAIN_SELF = YES;
				CODE_SIGN_ENTITLEMENTS = KZ_Database_macOS/KZ_Database_macOS.entitlements;
				CODE_SIGN_IDENTITY = "Mac Developer";
				CODE_SIGN_STYLE = Automatic;
				COMBINE_HIDPI_IMAGES = YES;
				DEVELOPMENT_TEAM = TGTFTDLM8G;
				FRAMEWORK_SEARCH_PATHS = (
					"$(inherited)",
					"$(PROJECT_DIR)/KZ_Database_macOS/Database",
				);
				INFOPLIST_FILE = KZ_Database_macOS/Info.plist;
				LD_RUNPATH_SEARCH_PATHS = "$(inherited) @executable_path/../Frameworks";
				MACOSX_DEPLOYMENT_TARGET = 10.10;
				PRODUCT_BUNDLE_IDENTIFIER = com.kieronzhang.Database;
				PRODUCT_NAME = "$(TARGET_NAME)";
				SDKROOT = macosx;
			};
			name = Release;
		};
/* End XCBuildConfiguration section */

/* Begin XCConfigurationList section */
		AE3700091FBEEB5000403658 /* Build configuration list for PBXProject "KZ_Database" */ = {
			isa = XCConfigurationList;
			buildConfigurations = (
				AE3700221FBEEB5000403658 /* Debug */,
				AE3700231FBEEB5000403658 /* Release */,
			);
			defaultConfigurationIsVisible = 0;
			defaultConfigurationName = Release;
		};
		AEC28FBC208DBE3400198A0E /* Build configuration list for PBXNativeTarget "KZ_Database_iOS" */ = {
			isa = XCConfigurationList;
			buildConfigurations = (
				AEC28FBD208DBE3400198A0E /* Debug */,
				AEC28FBE208DBE3400198A0E /* Release */,
			);
			defaultConfigurationIsVisible = 0;
			defaultConfigurationName = Release;
		};
		AEC28FDC208DBF7200198A0E /* Build configuration list for PBXNativeTarget "KZ_Database_macOS" */ = {
			isa = XCConfigurationList;
			buildConfigurations = (
				AEC28FDA208DBF7200198A0E /* Debug */,
				AEC28FDB208DBF7200198A0E /* Release */,
			);
			defaultConfigurationIsVisible = 0;
			defaultConfigurationName = Release;
		};
/* End XCConfigurationList section */
	};
	rootObject = AE3700061FBEEB5000403658 /* Project object */;
}
